
Microsoft Visual Studio Solution File, Format Version 12.00
# Visual Studio Version 16
VisualStudioVersion = 16.0.30907.101
MinimumVisualStudioVersion = 10.0.40219.1
Project("{9A19103F-16F7-4668-BE54-9A1E7A4F7556}") = "CSVProcessor", "CSVProcessor\CSVProcessor.csproj", "{B943A12E-A682-48CB-8BB7-6654DCB8301A}"
EndProject
Global
	GlobalSection(SolutionConfigurationPlatforms) = preSolution
		Debug|Any CPU = Debug|Any CPU
		Release|Any CPU = Release|Any CPU
	EndGlobalSection
	GlobalSection(ProjectConfigurationPlatforms) = postSolution
		{B943A12E-A682-48CB-8BB7-6654DCB8301A}.Debug|Any CPU.ActiveCfg = Debug|Any CPU
		{B943A12E-A682-48CB-8BB7-6654DCB8301A}.Debug|Any CPU.Build.0 = Debug|Any CPU
		{B943A12E-A682-48CB-8BB7-6654DCB8301A}.Release|Any CPU.ActiveCfg = Release|Any CPU
		{B943A12E-A682-48CB-8BB7-6654DCB8301A}.Release|Any CPU.Build.0 = Release|Any CPU
	EndGlobalSection
	GlobalSection(SolutionProperties) = preSolution
		HideSolutionNode = FALSE
	EndGlobalSection
	GlobalSection(ExtensibilityGlobals) = postSolution
		SolutionGuid = {2E66317C-059E-4DAE-A4E2-AF8A5AA9A728}
	EndGlobalSection
EndGlobal
